
Microsoft Visual Studio Solution File, Format Version 12.00
# Visual Studio Version 16
VisualStudioVersion = 16.0.31424.327
MinimumVisualStudioVersion = 10.0.40219.1
Project("{FAE04EC0-301F-11D3-BF4B-00C04F79EFBC}") = "LNF.WebApi.Data", "LNF.WebApi.Data\LNF.WebApi.Data.csproj", "{8C5E8CBA-8480-4876-9289-2761BF10A996}"
EndProject
Project("{FAE04EC0-301F-11D3-BF4B-00C04F79EFBC}") = "LNF", "..\LNF\LNF\LNF.csproj", "{E3B73410-869B-4BA2-99AC-AD6708A27ADE}"
EndProject
Project("{FAE04EC0-301F-11D3-BF4B-00C04F79EFBC}") = "LNF.WebApi", "..\lnf\LNF.WebApi\LNF.WebApi.csproj", "{85BE7662-47C8-4E82-8090-3F2BD61CC0F7}"
EndProject
Project("{FAE04EC0-301F-11D3-BF4B-00C04F79EFBC}") = "LNF.Impl", "..\lnf\LNF.Impl\LNF.Impl.csproj", "{F490B789-B824-4A8C-90FC-AC447C3277F0}"
EndProject
Project("{FAE04EC0-301F-11D3-BF4B-00C04F79EFBC}") = "LNF.Web", "..\lnf\LNF.Web\LNF.Web.csproj", "{F79683FF-E524-4107-A6E1-29579EE544E1}"
EndProject
Project("{FAE04EC0-301F-11D3-BF4B-00C04F79EFBC}") = "LNF.Mongo", "..\lnf\LNF.Mongo\LNF.Mongo.csproj", "{B2C390A2-3F60-42A9-9275-CE44B5AADB3A}"
EndProject
Global
	GlobalSection(SolutionConfigurationPlatforms) = preSolution
		Debug|Any CPU = Debug|Any CPU
		Release|Any CPU = Release|Any CPU
		Staging|Any CPU = Staging|Any CPU
	EndGlobalSection
	GlobalSection(ProjectConfigurationPlatforms) = postSolution
		{8C5E8CBA-8480-4876-9289-2761BF10A996}.Debug|Any CPU.ActiveCfg = Debug|Any CPU
		{8C5E8CBA-8480-4876-9289-2761BF10A996}.Debug|Any CPU.Build.0 = Debug|Any CPU
		{8C5E8CBA-8480-4876-9289-2761BF10A996}.Release|Any CPU.ActiveCfg = Release|Any CPU
		{8C5E8CBA-8480-4876-9289-2761BF10A996}.Release|Any CPU.Build.0 = Release|Any CPU
		{8C5E8CBA-8480-4876-9289-2761BF10A996}.Staging|Any CPU.ActiveCfg = Release|Any CPU
		{8C5E8CBA-8480-4876-9289-2761BF10A996}.Staging|Any CPU.Build.0 = Release|Any CPU
		{E3B73410-869B-4BA2-99AC-AD6708A27ADE}.Debug|Any CPU.ActiveCfg = Debug|Any CPU
		{E3B73410-869B-4BA2-99AC-AD6708A27ADE}.Debug|Any CPU.Build.0 = Debug|Any CPU
		{E3B73410-869B-4BA2-99AC-AD6708A27ADE}.Release|Any CPU.ActiveCfg = Release|Any CPU
		{E3B73410-869B-4BA2-99AC-AD6708A27ADE}.Release|Any CPU.Build.0 = Release|Any CPU
		{E3B73410-869B-4BA2-99AC-AD6708A27ADE}.Staging|Any CPU.ActiveCfg = Release|Any CPU
		{E3B73410-869B-4BA2-99AC-AD6708A27ADE}.Staging|Any CPU.Build.0 = Release|Any CPU
		{85BE7662-47C8-4E82-8090-3F2BD61CC0F7}.Debug|Any CPU.ActiveCfg = Debug|Any CPU
		{85BE7662-47C8-4E82-8090-3F2BD61CC0F7}.Debug|Any CPU.Build.0 = Debug|Any CPU
		{85BE7662-47C8-4E82-8090-3F2BD61CC0F7}.Release|Any CPU.ActiveCfg = Release|Any CPU
		{85BE7662-47C8-4E82-8090-3F2BD61CC0F7}.Release|Any CPU.Build.0 = Release|Any CPU
		{85BE7662-47C8-4E82-8090-3F2BD61CC0F7}.Staging|Any CPU.ActiveCfg = Staging|Any CPU
		{85BE7662-47C8-4E82-8090-3F2BD61CC0F7}.Staging|Any CPU.Build.0 = Staging|Any CPU
		{F490B789-B824-4A8C-90FC-AC447C3277F0}.Debug|Any CPU.ActiveCfg = Debug|Any CPU
		{F490B789-B824-4A8C-90FC-AC447C3277F0}.Debug|Any CPU.Build.0 = Debug|Any CPU
		{F490B789-B824-4A8C-90FC-AC447C3277F0}.Release|Any CPU.ActiveCfg = Release|Any CPU
		{F490B789-B824-4A8C-90FC-AC447C3277F0}.Release|Any CPU.Build.0 = Release|Any CPU
		{F490B789-B824-4A8C-90FC-AC447C3277F0}.Staging|Any CPU.ActiveCfg = Release|Any CPU
		{F490B789-B824-4A8C-90FC-AC447C3277F0}.Staging|Any CPU.Build.0 = Release|Any CPU
		{F79683FF-E524-4107-A6E1-29579EE544E1}.Debug|Any CPU.ActiveCfg = Debug|Any CPU
		{F79683FF-E524-4107-A6E1-29579EE544E1}.Debug|Any CPU.Build.0 = Debug|Any CPU
		{F79683FF-E524-4107-A6E1-29579EE544E1}.Release|Any CPU.ActiveCfg = Release|Any CPU
		{F79683FF-E524-4107-A6E1-29579EE544E1}.Release|Any CPU.Build.0 = Release|Any CPU
		{F79683FF-E524-4107-A6E1-29579EE544E1}.Staging|Any CPU.ActiveCfg = Staging|Any CPU
		{F79683FF-E524-4107-A6E1-29579EE544E1}.Staging|Any CPU.Build.0 = Staging|Any CPU
		{B2C390A2-3F60-42A9-9275-CE44B5AADB3A}.Debug|Any CPU.ActiveCfg = Debug|Any CPU
		{B2C390A2-3F60-42A9-9275-CE44B5AADB3A}.Debug|Any CPU.Build.0 = Debug|Any CPU
		{B2C390A2-3F60-42A9-9275-CE44B5AADB3A}.Release|Any CPU.ActiveCfg = Release|Any CPU
		{B2C390A2-3F60-42A9-9275-CE44B5AADB3A}.Release|Any CPU.Build.0 = Release|Any CPU
		{B2C390A2-3F60-42A9-9275-CE44B5AADB3A}.Staging|Any CPU.ActiveCfg = Debug|Any CPU
		{B2C390A2-3F60-42A9-9275-CE44B5AADB3A}.Staging|Any CPU.Build.0 = Debug|Any CPU
	EndGlobalSection
	GlobalSection(SolutionProperties) = preSolution
		HideSolutionNode = FALSE
	EndGlobalSection
	GlobalSection(ExtensibilityGlobals) = postSolution
		SolutionGuid = {8D41DCD6-8E61-42A3-895F-752A0370BA1C}
	EndGlobalSection
EndGlobal
